
Microsoft Visual Studio Solution File, Format Version 12.00
# Visual Studio Version 16
VisualStudioVersion = 16.0.29215.179
MinimumVisualStudioVersion = 10.0.40219.1
Project("{FAE04EC0-301F-11D3-BF4B-00C04F79EFBC}") = "MVCPhone", "MVCPhone\MVCPhone.csproj", "{A26D0A96-FABB-450D-8FE3-B15DC117BB11}"
EndProject
Global
	GlobalSection(SolutionConfigurationPlatforms) = preSolution
		Debug|Any CPU = Debug|Any CPU
		Release|Any CPU = Release|Any CPU
	EndGlobalSection
	GlobalSection(ProjectConfigurationPlatforms) = postSolution
		{A26D0A96-FABB-450D-8FE3-B15DC117BB11}.Debug|Any CPU.ActiveCfg = Debug|Any CPU
		{A26D0A96-FABB-450D-8FE3-B15DC117BB11}.Debug|Any CPU.Build.0 = Debug|Any CPU
		{A26D0A96-FABB-450D-8FE3-B15DC117BB11}.Release|Any CPU.ActiveCfg = Release|Any CPU
		{A26D0A96-FABB-450D-8FE3-B15DC117BB11}.Release|Any CPU.Build.0 = Release|Any CPU
	EndGlobalSection
	GlobalSection(SolutionProperties) = preSolution
		HideSolutionNode = FALSE
	EndGlobalSection
	GlobalSection(ExtensibilityGlobals) = postSolution
		SolutionGuid = {090B3A84-8359-4F1C-BDD9-662F511F5E29}
	EndGlobalSection
EndGlobal
