
Microsoft Visual Studio Solution File, Format Version 12.00
# Visual Studio Version 16
VisualStudioVersion = 16.0.29215.179
MinimumVisualStudioVersion = 10.0.40219.1
Project("{FAE04EC0-301F-11D3-BF4B-00C04F79EFBC}") = "MVCPhone", "MVCPhone\MVCPhone.csproj", "{A26D0A96-FABB-450D-8FE3-B15DC117BB11}"
EndProject
Project("{FAE04EC0-301F-11D3-BF4B-00C04F79EFBC}") = "apiPhone", "apiPhone\apiPhone.csproj", "{408FC65E-CECE-47B9-955C-89E10D10B64D}"
EndProject
Project("{FAE04EC0-301F-11D3-BF4B-00C04F79EFBC}") = "appPhone.UWP", "appPhone\appPhone.UWP\appPhone.UWP.csproj", "{E3C01A74-4BA7-4B24-BC8A-D55A08A05F62}"
EndProject
Project("{FAE04EC0-301F-11D3-BF4B-00C04F79EFBC}") = "appPhone.Android", "appPhone\appPhone.Android\appPhone.Android.csproj", "{B8C187B1-12D5-42A0-B3F3-D5F7839A71B1}"
EndProject
Project("{FAE04EC0-301F-11D3-BF4B-00C04F79EFBC}") = "appPhone.iOS", "appPhone\appPhone.iOS\appPhone.iOS.csproj", "{15E9BD94-C88B-4840-A71D-9E092175FEBD}"
EndProject
Project("{FAE04EC0-301F-11D3-BF4B-00C04F79EFBC}") = "appPhone", "appPhone\appPhone\appPhone.csproj", "{4D2CB38C-AC2C-41DD-8861-BAEB0D3BD691}"
EndProject
Global
	GlobalSection(SolutionConfigurationPlatforms) = preSolution
		Debug|Any CPU = Debug|Any CPU
		Debug|ARM = Debug|ARM
		Debug|iPhone = Debug|iPhone
		Debug|iPhoneSimulator = Debug|iPhoneSimulator
		Debug|x64 = Debug|x64
		Debug|x86 = Debug|x86
		Release|Any CPU = Release|Any CPU
		Release|ARM = Release|ARM
		Release|iPhone = Release|iPhone
		Release|iPhoneSimulator = Release|iPhoneSimulator
		Release|x64 = Release|x64
		Release|x86 = Release|x86
	EndGlobalSection
	GlobalSection(ProjectConfigurationPlatforms) = postSolution
		{A26D0A96-FABB-450D-8FE3-B15DC117BB11}.Debug|Any CPU.ActiveCfg = Debug|Any CPU
		{A26D0A96-FABB-450D-8FE3-B15DC117BB11}.Debug|Any CPU.Build.0 = Debug|Any CPU
		{A26D0A96-FABB-450D-8FE3-B15DC117BB11}.Debug|ARM.ActiveCfg = Debug|Any CPU
		{A26D0A96-FABB-450D-8FE3-B15DC117BB11}.Debug|ARM.Build.0 = Debug|Any CPU
		{A26D0A96-FABB-450D-8FE3-B15DC117BB11}.Debug|iPhone.ActiveCfg = Debug|Any CPU
		{A26D0A96-FABB-450D-8FE3-B15DC117BB11}.Debug|iPhone.Build.0 = Debug|Any CPU
		{A26D0A96-FABB-450D-8FE3-B15DC117BB11}.Debug|iPhoneSimulator.ActiveCfg = Debug|Any CPU
		{A26D0A96-FABB-450D-8FE3-B15DC117BB11}.Debug|iPhoneSimulator.Build.0 = Debug|Any CPU
		{A26D0A96-FABB-450D-8FE3-B15DC117BB11}.Debug|x64.ActiveCfg = Debug|Any CPU
		{A26D0A96-FABB-450D-8FE3-B15DC117BB11}.Debug|x64.Build.0 = Debug|Any CPU
		{A26D0A96-FABB-450D-8FE3-B15DC117BB11}.Debug|x86.ActiveCfg = Debug|Any CPU
		{A26D0A96-FABB-450D-8FE3-B15DC117BB11}.Debug|x86.Build.0 = Debug|Any CPU
		{A26D0A96-FABB-450D-8FE3-B15DC117BB11}.Release|Any CPU.ActiveCfg = Release|Any CPU
		{A26D0A96-FABB-450D-8FE3-B15DC117BB11}.Release|Any CPU.Build.0 = Release|Any CPU
		{A26D0A96-FABB-450D-8FE3-B15DC117BB11}.Release|ARM.ActiveCfg = Release|Any CPU
		{A26D0A96-FABB-450D-8FE3-B15DC117BB11}.Release|ARM.Build.0 = Release|Any CPU
		{A26D0A96-FABB-450D-8FE3-B15DC117BB11}.Release|iPhone.ActiveCfg = Release|Any CPU
		{A26D0A96-FABB-450D-8FE3-B15DC117BB11}.Release|iPhone.Build.0 = Release|Any CPU
		{A26D0A96-FABB-450D-8FE3-B15DC117BB11}.Release|iPhoneSimulator.ActiveCfg = Release|Any CPU
		{A26D0A96-FABB-450D-8FE3-B15DC117BB11}.Release|iPhoneSimulator.Build.0 = Release|Any CPU
		{A26D0A96-FABB-450D-8FE3-B15DC117BB11}.Release|x64.ActiveCfg = Release|Any CPU
		{A26D0A96-FABB-450D-8FE3-B15DC117BB11}.Release|x64.Build.0 = Release|Any CPU
		{A26D0A96-FABB-450D-8FE3-B15DC117BB11}.Release|x86.ActiveCfg = Release|Any CPU
		{A26D0A96-FABB-450D-8FE3-B15DC117BB11}.Release|x86.Build.0 = Release|Any CPU
		{408FC65E-CECE-47B9-955C-89E10D10B64D}.Debug|Any CPU.ActiveCfg = Debug|Any CPU
		{408FC65E-CECE-47B9-955C-89E10D10B64D}.Debug|Any CPU.Build.0 = Debug|Any CPU
		{408FC65E-CECE-47B9-955C-89E10D10B64D}.Debug|ARM.ActiveCfg = Debug|Any CPU
		{408FC65E-CECE-47B9-955C-89E10D10B64D}.Debug|ARM.Build.0 = Debug|Any CPU
		{408FC65E-CECE-47B9-955C-89E10D10B64D}.Debug|iPhone.ActiveCfg = Debug|Any CPU
		{408FC65E-CECE-47B9-955C-89E10D10B64D}.Debug|iPhone.Build.0 = Debug|Any CPU
		{408FC65E-CECE-47B9-955C-89E10D10B64D}.Debug|iPhoneSimulator.ActiveCfg = Debug|Any CPU
		{408FC65E-CECE-47B9-955C-89E10D10B64D}.Debug|iPhoneSimulator.Build.0 = Debug|Any CPU
		{408FC65E-CECE-47B9-955C-89E10D10B64D}.Debug|x64.ActiveCfg = Debug|Any CPU
		{408FC65E-CECE-47B9-955C-89E10D10B64D}.Debug|x64.Build.0 = Debug|Any CPU
		{408FC65E-CECE-47B9-955C-89E10D10B64D}.Debug|x86.ActiveCfg = Debug|Any CPU
		{408FC65E-CECE-47B9-955C-89E10D10B64D}.Debug|x86.Build.0 = Debug|Any CPU
		{408FC65E-CECE-47B9-955C-89E10D10B64D}.Release|Any CPU.ActiveCfg = Release|Any CPU
		{408FC65E-CECE-47B9-955C-89E10D10B64D}.Release|Any CPU.Build.0 = Release|Any CPU
		{408FC65E-CECE-47B9-955C-89E10D10B64D}.Release|ARM.ActiveCfg = Release|Any CPU
		{408FC65E-CECE-47B9-955C-89E10D10B64D}.Release|ARM.Build.0 = Release|Any CPU
		{408FC65E-CECE-47B9-955C-89E10D10B64D}.Release|iPhone.ActiveCfg = Release|Any CPU
		{408FC65E-CECE-47B9-955C-89E10D10B64D}.Release|iPhone.Build.0 = Release|Any CPU
		{408FC65E-CECE-47B9-955C-89E10D10B64D}.Release|iPhoneSimulator.ActiveCfg = Release|Any CPU
		{408FC65E-CECE-47B9-955C-89E10D10B64D}.Release|iPhoneSimulator.Build.0 = Release|Any CPU
		{408FC65E-CECE-47B9-955C-89E10D10B64D}.Release|x64.ActiveCfg = Release|Any CPU
		{408FC65E-CECE-47B9-955C-89E10D10B64D}.Release|x64.Build.0 = Release|Any CPU
		{408FC65E-CECE-47B9-955C-89E10D10B64D}.Release|x86.ActiveCfg = Release|Any CPU
		{408FC65E-CECE-47B9-955C-89E10D10B64D}.Release|x86.Build.0 = Release|Any CPU
		{E3C01A74-4BA7-4B24-BC8A-D55A08A05F62}.Debug|Any CPU.ActiveCfg = Debug|x86
		{E3C01A74-4BA7-4B24-BC8A-D55A08A05F62}.Debug|ARM.ActiveCfg = Debug|ARM
		{E3C01A74-4BA7-4B24-BC8A-D55A08A05F62}.Debug|ARM.Build.0 = Debug|ARM
		{E3C01A74-4BA7-4B24-BC8A-D55A08A05F62}.Debug|ARM.Deploy.0 = Debug|ARM
		{E3C01A74-4BA7-4B24-BC8A-D55A08A05F62}.Debug|iPhone.ActiveCfg = Debug|x86
		{E3C01A74-4BA7-4B24-BC8A-D55A08A05F62}.Debug|iPhoneSimulator.ActiveCfg = Debug|x86
		{E3C01A74-4BA7-4B24-BC8A-D55A08A05F62}.Debug|x64.ActiveCfg = Debug|x64
		{E3C01A74-4BA7-4B24-BC8A-D55A08A05F62}.Debug|x64.Build.0 = Debug|x64
		{E3C01A74-4BA7-4B24-BC8A-D55A08A05F62}.Debug|x64.Deploy.0 = Debug|x64
		{E3C01A74-4BA7-4B24-BC8A-D55A08A05F62}.Debug|x86.ActiveCfg = Debug|x86
		{E3C01A74-4BA7-4B24-BC8A-D55A08A05F62}.Debug|x86.Build.0 = Debug|x86
		{E3C01A74-4BA7-4B24-BC8A-D55A08A05F62}.Debug|x86.Deploy.0 = Debug|x86
		{E3C01A74-4BA7-4B24-BC8A-D55A08A05F62}.Release|Any CPU.ActiveCfg = Release|x86
		{E3C01A74-4BA7-4B24-BC8A-D55A08A05F62}.Release|ARM.ActiveCfg = Release|ARM
		{E3C01A74-4BA7-4B24-BC8A-D55A08A05F62}.Release|ARM.Build.0 = Release|ARM
		{E3C01A74-4BA7-4B24-BC8A-D55A08A05F62}.Release|ARM.Deploy.0 = Release|ARM
		{E3C01A74-4BA7-4B24-BC8A-D55A08A05F62}.Release|iPhone.ActiveCfg = Release|x86
		{E3C01A74-4BA7-4B24-BC8A-D55A08A05F62}.Release|iPhoneSimulator.ActiveCfg = Release|x86
		{E3C01A74-4BA7-4B24-BC8A-D55A08A05F62}.Release|x64.ActiveCfg = Release|x64
		{E3C01A74-4BA7-4B24-BC8A-D55A08A05F62}.Release|x64.Build.0 = Release|x64
		{E3C01A74-4BA7-4B24-BC8A-D55A08A05F62}.Release|x64.Deploy.0 = Release|x64
		{E3C01A74-4BA7-4B24-BC8A-D55A08A05F62}.Release|x86.ActiveCfg = Release|x86
		{E3C01A74-4BA7-4B24-BC8A-D55A08A05F62}.Release|x86.Build.0 = Release|x86
		{E3C01A74-4BA7-4B24-BC8A-D55A08A05F62}.Release|x86.Deploy.0 = Release|x86
		{B8C187B1-12D5-42A0-B3F3-D5F7839A71B1}.Debug|Any CPU.ActiveCfg = Debug|Any CPU
		{B8C187B1-12D5-42A0-B3F3-D5F7839A71B1}.Debug|Any CPU.Build.0 = Debug|Any CPU
		{B8C187B1-12D5-42A0-B3F3-D5F7839A71B1}.Debug|Any CPU.Deploy.0 = Debug|Any CPU
		{B8C187B1-12D5-42A0-B3F3-D5F7839A71B1}.Debug|ARM.ActiveCfg = Debug|Any CPU
		{B8C187B1-12D5-42A0-B3F3-D5F7839A71B1}.Debug|ARM.Build.0 = Debug|Any CPU
		{B8C187B1-12D5-42A0-B3F3-D5F7839A71B1}.Debug|ARM.Deploy.0 = Debug|Any CPU
		{B8C187B1-12D5-42A0-B3F3-D5F7839A71B1}.Debug|iPhone.ActiveCfg = Debug|Any CPU
		{B8C187B1-12D5-42A0-B3F3-D5F7839A71B1}.Debug|iPhone.Build.0 = Debug|Any CPU
		{B8C187B1-12D5-42A0-B3F3-D5F7839A71B1}.Debug|iPhone.Deploy.0 = Debug|Any CPU
		{B8C187B1-12D5-42A0-B3F3-D5F7839A71B1}.Debug|iPhoneSimulator.ActiveCfg = Debug|Any CPU
		{B8C187B1-12D5-42A0-B3F3-D5F7839A71B1}.Debug|iPhoneSimulator.Build.0 = Debug|Any CPU
		{B8C187B1-12D5-42A0-B3F3-D5F7839A71B1}.Debug|iPhoneSimulator.Deploy.0 = Debug|Any CPU
		{B8C187B1-12D5-42A0-B3F3-D5F7839A71B1}.Debug|x64.ActiveCfg = Debug|Any CPU
		{B8C187B1-12D5-42A0-B3F3-D5F7839A71B1}.Debug|x64.Build.0 = Debug|Any CPU
		{B8C187B1-12D5-42A0-B3F3-D5F7839A71B1}.Debug|x64.Deploy.0 = Debug|Any CPU
		{B8C187B1-12D5-42A0-B3F3-D5F7839A71B1}.Debug|x86.ActiveCfg = Debug|Any CPU
		{B8C187B1-12D5-42A0-B3F3-D5F7839A71B1}.Debug|x86.Build.0 = Debug|Any CPU
		{B8C187B1-12D5-42A0-B3F3-D5F7839A71B1}.Debug|x86.Deploy.0 = Debug|Any CPU
		{B8C187B1-12D5-42A0-B3F3-D5F7839A71B1}.Release|Any CPU.ActiveCfg = Release|Any CPU
		{B8C187B1-12D5-42A0-B3F3-D5F7839A71B1}.Release|Any CPU.Build.0 = Release|Any CPU
		{B8C187B1-12D5-42A0-B3F3-D5F7839A71B1}.Release|Any CPU.Deploy.0 = Release|Any CPU
		{B8C187B1-12D5-42A0-B3F3-D5F7839A71B1}.Release|ARM.ActiveCfg = Release|Any CPU
		{B8C187B1-12D5-42A0-B3F3-D5F7839A71B1}.Release|ARM.Build.0 = Release|Any CPU
		{B8C187B1-12D5-42A0-B3F3-D5F7839A71B1}.Release|ARM.Deploy.0 = Release|Any CPU
		{B8C187B1-12D5-42A0-B3F3-D5F7839A71B1}.Release|iPhone.ActiveCfg = Release|Any CPU
		{B8C187B1-12D5-42A0-B3F3-D5F7839A71B1}.Release|iPhone.Build.0 = Release|Any CPU
		{B8C187B1-12D5-42A0-B3F3-D5F7839A71B1}.Release|iPhone.Deploy.0 = Release|Any CPU
		{B8C187B1-12D5-42A0-B3F3-D5F7839A71B1}.Release|iPhoneSimulator.ActiveCfg = Release|Any CPU
		{B8C187B1-12D5-42A0-B3F3-D5F7839A71B1}.Release|iPhoneSimulator.Build.0 = Release|Any CPU
		{B8C187B1-12D5-42A0-B3F3-D5F7839A71B1}.Release|iPhoneSimulator.Deploy.0 = Release|Any CPU
		{B8C187B1-12D5-42A0-B3F3-D5F7839A71B1}.Release|x64.ActiveCfg = Release|Any CPU
		{B8C187B1-12D5-42A0-B3F3-D5F7839A71B1}.Release|x64.Build.0 = Release|Any CPU
		{B8C187B1-12D5-42A0-B3F3-D5F7839A71B1}.Release|x64.Deploy.0 = Release|Any CPU
		{B8C187B1-12D5-42A0-B3F3-D5F7839A71B1}.Release|x86.ActiveCfg = Release|Any CPU
		{B8C187B1-12D5-42A0-B3F3-D5F7839A71B1}.Release|x86.Build.0 = Release|Any CPU
		{B8C187B1-12D5-42A0-B3F3-D5F7839A71B1}.Release|x86.Deploy.0 = Release|Any CPU
		{15E9BD94-C88B-4840-A71D-9E092175FEBD}.Debug|Any CPU.ActiveCfg = Debug|iPhone
		{15E9BD94-C88B-4840-A71D-9E092175FEBD}.Debug|ARM.ActiveCfg = Debug|iPhone
		{15E9BD94-C88B-4840-A71D-9E092175FEBD}.Debug|iPhone.ActiveCfg = Debug|iPhone
		{15E9BD94-C88B-4840-A71D-9E092175FEBD}.Debug|iPhone.Build.0 = Debug|iPhone
		{15E9BD94-C88B-4840-A71D-9E092175FEBD}.Debug|iPhoneSimulator.ActiveCfg = Debug|iPhoneSimulator
		{15E9BD94-C88B-4840-A71D-9E092175FEBD}.Debug|iPhoneSimulator.Build.0 = Debug|iPhoneSimulator
		{15E9BD94-C88B-4840-A71D-9E092175FEBD}.Debug|x64.ActiveCfg = Debug|iPhone
		{15E9BD94-C88B-4840-A71D-9E092175FEBD}.Debug|x86.ActiveCfg = Debug|iPhone
		{15E9BD94-C88B-4840-A71D-9E092175FEBD}.Release|Any CPU.ActiveCfg = Release|iPhone
		{15E9BD94-C88B-4840-A71D-9E092175FEBD}.Release|ARM.ActiveCfg = Release|iPhone
		{15E9BD94-C88B-4840-A71D-9E092175FEBD}.Release|iPhone.ActiveCfg = Release|iPhone
		{15E9BD94-C88B-4840-A71D-9E092175FEBD}.Release|iPhone.Build.0 = Release|iPhone
		{15E9BD94-C88B-4840-A71D-9E092175FEBD}.Release|iPhoneSimulator.ActiveCfg = Release|iPhoneSimulator
		{15E9BD94-C88B-4840-A71D-9E092175FEBD}.Release|iPhoneSimulator.Build.0 = Release|iPhoneSimulator
		{15E9BD94-C88B-4840-A71D-9E092175FEBD}.Release|x64.ActiveCfg = Release|iPhone
		{15E9BD94-C88B-4840-A71D-9E092175FEBD}.Release|x86.ActiveCfg = Release|iPhone
		{4D2CB38C-AC2C-41DD-8861-BAEB0D3BD691}.Debug|Any CPU.ActiveCfg = Debug|Any CPU
		{4D2CB38C-AC2C-41DD-8861-BAEB0D3BD691}.Debug|Any CPU.Build.0 = Debug|Any CPU
		{4D2CB38C-AC2C-41DD-8861-BAEB0D3BD691}.Debug|ARM.ActiveCfg = Debug|Any CPU
		{4D2CB38C-AC2C-41DD-8861-BAEB0D3BD691}.Debug|ARM.Build.0 = Debug|Any CPU
		{4D2CB38C-AC2C-41DD-8861-BAEB0D3BD691}.Debug|iPhone.ActiveCfg = Debug|Any CPU
		{4D2CB38C-AC2C-41DD-8861-BAEB0D3BD691}.Debug|iPhone.Build.0 = Debug|Any CPU
		{4D2CB38C-AC2C-41DD-8861-BAEB0D3BD691}.Debug|iPhoneSimulator.ActiveCfg = Debug|Any CPU
		{4D2CB38C-AC2C-41DD-8861-BAEB0D3BD691}.Debug|iPhoneSimulator.Build.0 = Debug|Any CPU
		{4D2CB38C-AC2C-41DD-8861-BAEB0D3BD691}.Debug|x64.ActiveCfg = Debug|Any CPU
		{4D2CB38C-AC2C-41DD-8861-BAEB0D3BD691}.Debug|x64.Build.0 = Debug|Any CPU
		{4D2CB38C-AC2C-41DD-8861-BAEB0D3BD691}.Debug|x86.ActiveCfg = Debug|Any CPU
		{4D2CB38C-AC2C-41DD-8861-BAEB0D3BD691}.Debug|x86.Build.0 = Debug|Any CPU
		{4D2CB38C-AC2C-41DD-8861-BAEB0D3BD691}.Release|Any CPU.ActiveCfg = Release|Any CPU
		{4D2CB38C-AC2C-41DD-8861-BAEB0D3BD691}.Release|Any CPU.Build.0 = Release|Any CPU
		{4D2CB38C-AC2C-41DD-8861-BAEB0D3BD691}.Release|ARM.ActiveCfg = Release|Any CPU
		{4D2CB38C-AC2C-41DD-8861-BAEB0D3BD691}.Release|ARM.Build.0 = Release|Any CPU
		{4D2CB38C-AC2C-41DD-8861-BAEB0D3BD691}.Release|iPhone.ActiveCfg = Release|Any CPU
		{4D2CB38C-AC2C-41DD-8861-BAEB0D3BD691}.Release|iPhone.Build.0 = Release|Any CPU
		{4D2CB38C-AC2C-41DD-8861-BAEB0D3BD691}.Release|iPhoneSimulator.ActiveCfg = Release|Any CPU
		{4D2CB38C-AC2C-41DD-8861-BAEB0D3BD691}.Release|iPhoneSimulator.Build.0 = Release|Any CPU
		{4D2CB38C-AC2C-41DD-8861-BAEB0D3BD691}.Release|x64.ActiveCfg = Release|Any CPU
		{4D2CB38C-AC2C-41DD-8861-BAEB0D3BD691}.Release|x64.Build.0 = Release|Any CPU
		{4D2CB38C-AC2C-41DD-8861-BAEB0D3BD691}.Release|x86.ActiveCfg = Release|Any CPU
		{4D2CB38C-AC2C-41DD-8861-BAEB0D3BD691}.Release|x86.Build.0 = Release|Any CPU
	EndGlobalSection
	GlobalSection(SolutionProperties) = preSolution
		HideSolutionNode = FALSE
	EndGlobalSection
	GlobalSection(ExtensibilityGlobals) = postSolution
		SolutionGuid = {090B3A84-8359-4F1C-BDD9-662F511F5E29}
	EndGlobalSection
EndGlobal
